
Microsoft Visual Studio Solution File, Format Version 12.00
# Visual Studio Version 17
VisualStudioVersion = 17.1.31911.260
MinimumVisualStudioVersion = 10.0.40219.1
Project("{FAE04EC0-301F-11D3-BF4B-00C04F79EFBC}") = "Rtt.Web", "Rtt.Web\Rtt.Web.csproj", "{25DEDD0C-42EA-4C71-A2E6-5AD6AC0629E5}"
EndProject
Project("{FAE04EC0-301F-11D3-BF4B-00C04F79EFBC}") = "Rtt.Wcf", "..\Rtt.Wcf\Rtt.Wcf\Rtt.Wcf.csproj", "{6EA39F5F-C3AE-47A9-88F7-6439D69980FD}"
EndProject
Project("{FAE04EC0-301F-11D3-BF4B-00C04F79EFBC}") = "Rtt.Models", "..\Rtt.Models\Rtt.Models\Rtt.Models.csproj", "{9AA38BB6-070C-4EDB-96B9-CEE397B9DAB4}"
EndProject
Project("{FAE04EC0-301F-11D3-BF4B-00C04F79EFBC}") = "Rtt.ErrorHandler", "..\Rtt.ErrorHandler\Rtt.ErrorHandler\Rtt.ErrorHandler.csproj", "{1DE80989-9F25-4BE9-9161-0050F9903EF0}"
EndProject
Project("{FAE04EC0-301F-11D3-BF4B-00C04F79EFBC}") = "Rtt.Bl", "..\Rtt.Bl\Rtt.Bl\Rtt.Bl.csproj", "{E028510E-B275-47CD-A4A0-62C2289E9CA5}"
EndProject
Project("{FAE04EC0-301F-11D3-BF4B-00C04F79EFBC}") = "Rtt.Dal", "..\Rtt.Dal\Rtt.Dal\Rtt.Dal.csproj", "{05C2A9D5-83D7-43BE-8AB5-078E6476AAE0}"
EndProject
Global
	GlobalSection(SolutionConfigurationPlatforms) = preSolution
		Debug|Any CPU = Debug|Any CPU
		Debug|x64 = Debug|x64
		Release|Any CPU = Release|Any CPU
		Release|x64 = Release|x64
	EndGlobalSection
	GlobalSection(ProjectConfigurationPlatforms) = postSolution
		{25DEDD0C-42EA-4C71-A2E6-5AD6AC0629E5}.Debug|Any CPU.ActiveCfg = Debug|Any CPU
		{25DEDD0C-42EA-4C71-A2E6-5AD6AC0629E5}.Debug|Any CPU.Build.0 = Debug|Any CPU
		{25DEDD0C-42EA-4C71-A2E6-5AD6AC0629E5}.Debug|x64.ActiveCfg = Debug|x64
		{25DEDD0C-42EA-4C71-A2E6-5AD6AC0629E5}.Debug|x64.Build.0 = Debug|x64
		{25DEDD0C-42EA-4C71-A2E6-5AD6AC0629E5}.Release|Any CPU.ActiveCfg = Release|Any CPU
		{25DEDD0C-42EA-4C71-A2E6-5AD6AC0629E5}.Release|Any CPU.Build.0 = Release|Any CPU
		{25DEDD0C-42EA-4C71-A2E6-5AD6AC0629E5}.Release|x64.ActiveCfg = Release|x64
		{25DEDD0C-42EA-4C71-A2E6-5AD6AC0629E5}.Release|x64.Build.0 = Release|x64
		{6EA39F5F-C3AE-47A9-88F7-6439D69980FD}.Debug|Any CPU.ActiveCfg = Debug|Any CPU
		{6EA39F5F-C3AE-47A9-88F7-6439D69980FD}.Debug|Any CPU.Build.0 = Debug|Any CPU
		{6EA39F5F-C3AE-47A9-88F7-6439D69980FD}.Debug|x64.ActiveCfg = Debug|x64
		{6EA39F5F-C3AE-47A9-88F7-6439D69980FD}.Debug|x64.Build.0 = Debug|x64
		{6EA39F5F-C3AE-47A9-88F7-6439D69980FD}.Release|Any CPU.ActiveCfg = Release|Any CPU
		{6EA39F5F-C3AE-47A9-88F7-6439D69980FD}.Release|Any CPU.Build.0 = Release|Any CPU
		{6EA39F5F-C3AE-47A9-88F7-6439D69980FD}.Release|x64.ActiveCfg = Release|x64
		{6EA39F5F-C3AE-47A9-88F7-6439D69980FD}.Release|x64.Build.0 = Release|x64
		{9AA38BB6-070C-4EDB-96B9-CEE397B9DAB4}.Debug|Any CPU.ActiveCfg = Debug|Any CPU
		{9AA38BB6-070C-4EDB-96B9-CEE397B9DAB4}.Debug|Any CPU.Build.0 = Debug|Any CPU
		{9AA38BB6-070C-4EDB-96B9-CEE397B9DAB4}.Debug|x64.ActiveCfg = Debug|x64
		{9AA38BB6-070C-4EDB-96B9-CEE397B9DAB4}.Debug|x64.Build.0 = Debug|x64
		{9AA38BB6-070C-4EDB-96B9-CEE397B9DAB4}.Release|Any CPU.ActiveCfg = Release|Any CPU
		{9AA38BB6-070C-4EDB-96B9-CEE397B9DAB4}.Release|Any CPU.Build.0 = Release|Any CPU
		{9AA38BB6-070C-4EDB-96B9-CEE397B9DAB4}.Release|x64.ActiveCfg = Release|x64
		{9AA38BB6-070C-4EDB-96B9-CEE397B9DAB4}.Release|x64.Build.0 = Release|x64
		{1DE80989-9F25-4BE9-9161-0050F9903EF0}.Debug|Any CPU.ActiveCfg = Debug|Any CPU
		{1DE80989-9F25-4BE9-9161-0050F9903EF0}.Debug|Any CPU.Build.0 = Debug|Any CPU
		{1DE80989-9F25-4BE9-9161-0050F9903EF0}.Debug|x64.ActiveCfg = Debug|x64
		{1DE80989-9F25-4BE9-9161-0050F9903EF0}.Debug|x64.Build.0 = Debug|x64
		{1DE80989-9F25-4BE9-9161-0050F9903EF0}.Release|Any CPU.ActiveCfg = Release|Any CPU
		{1DE80989-9F25-4BE9-9161-0050F9903EF0}.Release|Any CPU.Build.0 = Release|Any CPU
		{1DE80989-9F25-4BE9-9161-0050F9903EF0}.Release|x64.ActiveCfg = Release|x64
		{1DE80989-9F25-4BE9-9161-0050F9903EF0}.Release|x64.Build.0 = Release|x64
		{E028510E-B275-47CD-A4A0-62C2289E9CA5}.Debug|Any CPU.ActiveCfg = Debug|Any CPU
		{E028510E-B275-47CD-A4A0-62C2289E9CA5}.Debug|Any CPU.Build.0 = Debug|Any CPU
		{E028510E-B275-47CD-A4A0-62C2289E9CA5}.Debug|x64.ActiveCfg = Debug|x64
		{E028510E-B275-47CD-A4A0-62C2289E9CA5}.Debug|x64.Build.0 = Debug|x64
		{E028510E-B275-47CD-A4A0-62C2289E9CA5}.Release|Any CPU.ActiveCfg = Release|Any CPU
		{E028510E-B275-47CD-A4A0-62C2289E9CA5}.Release|Any CPU.Build.0 = Release|Any CPU
		{E028510E-B275-47CD-A4A0-62C2289E9CA5}.Release|x64.ActiveCfg = Release|x64
		{E028510E-B275-47CD-A4A0-62C2289E9CA5}.Release|x64.Build.0 = Release|x64
		{05C2A9D5-83D7-43BE-8AB5-078E6476AAE0}.Debug|Any CPU.ActiveCfg = Debug|Any CPU
		{05C2A9D5-83D7-43BE-8AB5-078E6476AAE0}.Debug|Any CPU.Build.0 = Debug|Any CPU
		{05C2A9D5-83D7-43BE-8AB5-078E6476AAE0}.Debug|x64.ActiveCfg = Debug|x64
		{05C2A9D5-83D7-43BE-8AB5-078E6476AAE0}.Debug|x64.Build.0 = Debug|x64
		{05C2A9D5-83D7-43BE-8AB5-078E6476AAE0}.Release|Any CPU.ActiveCfg = Release|Any CPU
		{05C2A9D5-83D7-43BE-8AB5-078E6476AAE0}.Release|Any CPU.Build.0 = Release|Any CPU
		{05C2A9D5-83D7-43BE-8AB5-078E6476AAE0}.Release|x64.ActiveCfg = Release|x64
		{05C2A9D5-83D7-43BE-8AB5-078E6476AAE0}.Release|x64.Build.0 = Release|x64
	EndGlobalSection
	GlobalSection(SolutionProperties) = preSolution
		HideSolutionNode = FALSE
	EndGlobalSection
	GlobalSection(ExtensibilityGlobals) = postSolution
		SolutionGuid = {68BF52F8-4F15-4408-BF8E-FB97AD73047B}
	EndGlobalSection
EndGlobal
